// !$*UTF8*$!
{
	archiveVersion = 1;
	classes = {
	};
	objectVersion = 50;
	objects = {

/* Begin PBXBuildFile section */
		551B1A072480999F0029785D /* AppDelegate.swift in Sources */ = {isa = PBXBuildFile; fileRef = 551B1A062480999F0029785D /* AppDelegate.swift */; };
		551B1A092480999F0029785D /* SceneDelegate.swift in Sources */ = {isa = PBXBuildFile; fileRef = 551B1A082480999F0029785D /* SceneDelegate.swift */; };
		551B1A0B2480999F0029785D /* ContentView.swift in Sources */ = {isa = PBXBuildFile; fileRef = 551B1A0A2480999F0029785D /* ContentView.swift */; };
		551B1A0D248099A00029785D /* Assets.xcassets in Resources */ = {isa = PBXBuildFile; fileRef = 551B1A0C248099A00029785D /* Assets.xcassets */; };
		551B1A10248099A00029785D /* Preview Assets.xcassets in Resources */ = {isa = PBXBuildFile; fileRef = 551B1A0F248099A00029785D /* Preview Assets.xcassets */; };
		551B1A13248099A00029785D /* LaunchScreen.storyboard in Resources */ = {isa = PBXBuildFile; fileRef = 551B1A11248099A00029785D /* LaunchScreen.storyboard */; };
		551B1A1E248099A10029785D /* RecipesTests.swift in Sources */ = {isa = PBXBuildFile; fileRef = 551B1A1D248099A10029785D /* RecipesTests.swift */; };
		551B1A29248099A10029785D /* RecipesUITests.swift in Sources */ = {isa = PBXBuildFile; fileRef = 551B1A28248099A10029785D /* RecipesUITests.swift */; };
		551B1A392480A2C10029785D /* AddRecipeView.swift in Sources */ = {isa = PBXBuildFile; fileRef = 551B1A382480A2C10029785D /* AddRecipeView.swift */; };
/* End PBXBuildFile section */

/* Begin PBXContainerItemProxy section */
		551B1A1A248099A00029785D /* PBXContainerItemProxy */ = {
			isa = PBXContainerItemProxy;
			containerPortal = 551B19FB2480999E0029785D /* Project object */;
			proxyType = 1;
			remoteGlobalIDString = 551B1A022480999E0029785D;
			remoteInfo = Recipes;
		};
		551B1A25248099A10029785D /* PBXContainerItemProxy */ = {
			isa = PBXContainerItemProxy;
			containerPortal = 551B19FB2480999E0029785D /* Project object */;
			proxyType = 1;
			remoteGlobalIDString = 551B1A022480999E0029785D;
			remoteInfo = Recipes;
		};
/* End PBXContainerItemProxy section */

/* Begin PBXFileReference section */
		551B1A032480999F0029785D /* Recipes.app */ = {isa = PBXFileReference; explicitFileType = wrapper.application; includeInIndex = 0; path = Recipes.app; sourceTree = BUILT_PRODUCTS_DIR; };
		551B1A062480999F0029785D /* AppDelegate.swift */ = {isa = PBXFileReference; lastKnownFileType = sourcecode.swift; path = AppDelegate.swift; sourceTree = "<group>"; };
		551B1A082480999F0029785D /* SceneDelegate.swift */ = {isa = PBXFileReference; lastKnownFileType = sourcecode.swift; path = SceneDelegate.swift; sourceTree = "<group>"; };
		551B1A0A2480999F0029785D /* ContentView.swift */ = {isa = PBXFileReference; lastKnownFileType = sourcecode.swift; path = ContentView.swift; sourceTree = "<group>"; };
		551B1A0C248099A00029785D /* Assets.xcassets */ = {isa = PBXFileReference; lastKnownFileType = folder.assetcatalog; path = Assets.xcassets; sourceTree = "<group>"; };
		551B1A0F248099A00029785D /* Preview Assets.xcassets */ = {isa = PBXFileReference; lastKnownFileType = folder.assetcatalog; path = "Preview Assets.xcassets"; sourceTree = "<group>"; };
		551B1A12248099A00029785D /* Base */ = {isa = PBXFileReference; lastKnownFileType = file.storyboard; name = Base; path = Base.lproj/LaunchScreen.storyboard; sourceTree = "<group>"; };
		551B1A14248099A00029785D /* Info.plist */ = {isa = PBXFileReference; lastKnownFileType = text.plist.xml; path = Info.plist; sourceTree = "<group>"; };
		551B1A19248099A00029785D /* RecipesTests.xctest */ = {isa = PBXFileReference; explicitFileType = wrapper.cfbundle; includeInIndex = 0; path = RecipesTests.xctest; sourceTree = BUILT_PRODUCTS_DIR; };
		551B1A1D248099A10029785D /* RecipesTests.swift */ = {isa = PBXFileReference; lastKnownFileType = sourcecode.swift; path = RecipesTests.swift; sourceTree = "<group>"; };
		551B1A1F248099A10029785D /* Info.plist */ = {isa = PBXFileReference; lastKnownFileType = text.plist.xml; path = Info.plist; sourceTree = "<group>"; };
		551B1A24248099A10029785D /* RecipesUITests.xctest */ = {isa = PBXFileReference; explicitFileType = wrapper.cfbundle; includeInIndex = 0; path = RecipesUITests.xctest; sourceTree = BUILT_PRODUCTS_DIR; };
		551B1A28248099A10029785D /* RecipesUITests.swift */ = {isa = PBXFileReference; lastKnownFileType = sourcecode.swift; path = RecipesUITests.swift; sourceTree = "<group>"; };
		551B1A2A248099A10029785D /* Info.plist */ = {isa = PBXFileReference; lastKnownFileType = text.plist.xml; path = Info.plist; sourceTree = "<group>"; };
		551B1A382480A2C10029785D /* AddRecipeView.swift */ = {isa = PBXFileReference; lastKnownFileType = sourcecode.swift; path = AddRecipeView.swift; sourceTree = "<group>"; };
/* End PBXFileReference section */

/* Begin PBXFrameworksBuildPhase section */
		551B1A002480999E0029785D /* Frameworks */ = {
			isa = PBXFrameworksBuildPhase;
			buildActionMask = 2147483647;
			files = (
			);
			runOnlyForDeploymentPostprocessing = 0;
		};
		551B1A16248099A00029785D /* Frameworks */ = {
			isa = PBXFrameworksBuildPhase;
			buildActionMask = 2147483647;
			files = (
			);
			runOnlyForDeploymentPostprocessing = 0;
		};
		551B1A21248099A10029785D /* Frameworks */ = {
			isa = PBXFrameworksBuildPhase;
			buildActionMask = 2147483647;
			files = (
			);
			runOnlyForDeploymentPostprocessing = 0;
		};
/* End PBXFrameworksBuildPhase section */

/* Begin PBXGroup section */
		551B19FA2480999E0029785D = {
			isa = PBXGroup;
			children = (
				551B1A3724809D980029785D /* Views */,
				551B1A052480999F0029785D /* Recipes */,
				551B1A1C248099A10029785D /* RecipesTests */,
				551B1A27248099A10029785D /* RecipesUITests */,
				551B1A042480999F0029785D /* Products */,
			);
			sourceTree = "<group>";
		};
		551B1A042480999F0029785D /* Products */ = {
			isa = PBXGroup;
			children = (
				551B1A032480999F0029785D /* Recipes.app */,
				551B1A19248099A00029785D /* RecipesTests.xctest */,
				551B1A24248099A10029785D /* RecipesUITests.xctest */,
			);
			name = Products;
			sourceTree = "<group>";
		};
		551B1A052480999F0029785D /* Recipes */ = {
			isa = PBXGroup;
			children = (
				551B1A062480999F0029785D /* AppDelegate.swift */,
				551B1A082480999F0029785D /* SceneDelegate.swift */,
				551B1A0C248099A00029785D /* Assets.xcassets */,
				551B1A11248099A00029785D /* LaunchScreen.storyboard */,
				551B1A14248099A00029785D /* Info.plist */,
				551B1A0E248099A00029785D /* Preview Content */,
			);
			path = Recipes;
			sourceTree = "<group>";
		};
		551B1A0E248099A00029785D /* Preview Content */ = {
			isa = PBXGroup;
			children = (
				551B1A0F248099A00029785D /* Preview Assets.xcassets */,
			);
			path = "Preview Content";
			sourceTree = "<group>";
		};
		551B1A1C248099A10029785D /* RecipesTests */ = {
			isa = PBXGroup;
			children = (
				551B1A1D248099A10029785D /* RecipesTests.swift */,
				551B1A1F248099A10029785D /* Info.plist */,
			);
			path = RecipesTests;
			sourceTree = "<group>";
		};
		551B1A27248099A10029785D /* RecipesUITests */ = {
			isa = PBXGroup;
			children = (
				551B1A28248099A10029785D /* RecipesUITests.swift */,
				551B1A2A248099A10029785D /* Info.plist */,
			);
			path = RecipesUITests;
			sourceTree = "<group>";
		};
		551B1A3724809D980029785D /* Views */ = {
			isa = PBXGroup;
			children = (
				551B1A0A2480999F0029785D /* ContentView.swift */,
				551B1A382480A2C10029785D /* AddRecipeView.swift */,
			);
			path = Views;
			sourceTree = "<group>";
		};
/* End PBXGroup section */

/* Begin PBXNativeTarget section */
		551B1A022480999E0029785D /* Recipes */ = {
			isa = PBXNativeTarget;
			buildConfigurationList = 551B1A2D248099A10029785D /* Build configuration list for PBXNativeTarget "Recipes" */;
			buildPhases = (
				551B19FF2480999E0029785D /* Sources */,
				551B1A002480999E0029785D /* Frameworks */,
				551B1A012480999E0029785D /* Resources */,
			);
			buildRules = (
			);
			dependencies = (
			);
			name = Recipes;
			productName = Recipes;
			productReference = 551B1A032480999F0029785D /* Recipes.app */;
			productType = "com.apple.product-type.application";
		};
		551B1A18248099A00029785D /* RecipesTests */ = {
			isa = PBXNativeTarget;
			buildConfigurationList = 551B1A30248099A10029785D /* Build configuration list for PBXNativeTarget "RecipesTests" */;
			buildPhases = (
				551B1A15248099A00029785D /* Sources */,
				551B1A16248099A00029785D /* Frameworks */,
				551B1A17248099A00029785D /* Resources */,
			);
			buildRules = (
			);
			dependencies = (
				551B1A1B248099A00029785D /* PBXTargetDependency */,
			);
			name = RecipesTests;
			productName = RecipesTests;
			productReference = 551B1A19248099A00029785D /* RecipesTests.xctest */;
			productType = "com.apple.product-type.bundle.unit-test";
		};
		551B1A23248099A10029785D /* RecipesUITests */ = {
			isa = PBXNativeTarget;
			buildConfigurationList = 551B1A33248099A10029785D /* Build configuration list for PBXNativeTarget "RecipesUITests" */;
			buildPhases = (
				551B1A20248099A10029785D /* Sources */,
				551B1A21248099A10029785D /* Frameworks */,
				551B1A22248099A10029785D /* Resources */,
			);
			buildRules = (
			);
			dependencies = (
				551B1A26248099A10029785D /* PBXTargetDependency */,
			);
			name = RecipesUITests;
			productName = RecipesUITests;
			productReference = 551B1A24248099A10029785D /* RecipesUITests.xctest */;
			productType = "com.apple.product-type.bundle.ui-testing";
		};
/* End PBXNativeTarget section */

/* Begin PBXProject section */
		551B19FB2480999E0029785D /* Project object */ = {
			isa = PBXProject;
			attributes = {
				LastSwiftUpdateCheck = 1150;
				LastUpgradeCheck = 1150;
				ORGANIZATIONNAME = "Rachel Brauner Buchanan";
				TargetAttributes = {
					551B1A022480999E0029785D = {
						CreatedOnToolsVersion = 11.5;
					};
					551B1A18248099A00029785D = {
						CreatedOnToolsVersion = 11.5;
						TestTargetID = 551B1A022480999E0029785D;
					};
					551B1A23248099A10029785D = {
						CreatedOnToolsVersion = 11.5;
						TestTargetID = 551B1A022480999E0029785D;
					};
				};
			};
			buildConfigurationList = 551B19FE2480999E0029785D /* Build configuration list for PBXProject "Recipes" */;
			compatibilityVersion = "Xcode 9.3";
			developmentRegion = en;
			hasScannedForEncodings = 0;
			knownRegions = (
				en,
				Base,
			);
			mainGroup = 551B19FA2480999E0029785D;
			productRefGroup = 551B1A042480999F0029785D /* Products */;
			projectDirPath = "";
			projectRoot = "";
			targets = (
				551B1A022480999E0029785D /* Recipes */,
				551B1A18248099A00029785D /* RecipesTests */,
				551B1A23248099A10029785D /* RecipesUITests */,
			);
		};
/* End PBXProject section */

/* Begin PBXResourcesBuildPhase section */
		551B1A012480999E0029785D /* Resources */ = {
			isa = PBXResourcesBuildPhase;
			buildActionMask = 2147483647;
			files = (
				551B1A13248099A00029785D /* LaunchScreen.storyboard in Resources */,
				551B1A10248099A00029785D /* Preview Assets.xcassets in Resources */,
				551B1A0D248099A00029785D /* Assets.xcassets in Resources */,
			);
			runOnlyForDeploymentPostprocessing = 0;
		};
		551B1A17248099A00029785D /* Resources */ = {
			isa = PBXResourcesBuildPhase;
			buildActionMask = 2147483647;
			files = (
			);
			runOnlyForDeploymentPostprocessing = 0;
		};
		551B1A22248099A10029785D /* Resources */ = {
			isa = PBXResourcesBuildPhase;
			buildActionMask = 2147483647;
			files = (
			);
			runOnlyForDeploymentPostprocessing = 0;
		};
/* End PBXResourcesBuildPhase section */

/* Begin PBXSourcesBuildPhase section */
		551B19FF2480999E0029785D /* Sources */ = {
			isa = PBXSourcesBuildPhase;
			buildActionMask = 2147483647;
			files = (
				551B1A072480999F0029785D /* AppDelegate.swift in Sources */,
				551B1A092480999F0029785D /* SceneDelegate.swift in Sources */,
				551B1A392480A2C10029785D /* AddRecipeView.swift in Sources */,
				551B1A0B2480999F0029785D /* ContentView.swift in Sources */,
			);
			runOnlyForDeploymentPostprocessing = 0;
		};
		551B1A15248099A00029785D /* Sources */ = {
			isa = PBXSourcesBuildPhase;
			buildActionMask = 2147483647;
			files = (
				551B1A1E248099A10029785D /* RecipesTests.swift in Sources */,
			);
			runOnlyForDeploymentPostprocessing = 0;
		};
		551B1A20248099A10029785D /* Sources */ = {
			isa = PBXSourcesBuildPhase;
			buildActionMask = 2147483647;
			files = (
				551B1A29248099A10029785D /* RecipesUITests.swift in Sources */,
			);
			runOnlyForDeploymentPostprocessing = 0;
		};
/* End PBXSourcesBuildPhase section */

/* Begin PBXTargetDependency section */
		551B1A1B248099A00029785D /* PBXTargetDependency */ = {
			isa = PBXTargetDependency;
			target = 551B1A022480999E0029785D /* Recipes */;
			targetProxy = 551B1A1A248099A00029785D /* PBXContainerItemProxy */;
		};
		551B1A26248099A10029785D /* PBXTargetDependency */ = {
			isa = PBXTargetDependency;
			target = 551B1A022480999E0029785D /* Recipes */;
			targetProxy = 551B1A25248099A10029785D /* PBXContainerItemProxy */;
		};
/* End PBXTargetDependency section */

/* Begin PBXVariantGroup section */
		551B1A11248099A00029785D /* LaunchScreen.storyboard */ = {
			isa = PBXVariantGroup;
			children = (
				551B1A12248099A00029785D /* Base */,
			);
			name = LaunchScreen.storyboard;
			sourceTree = "<group>";
		};
/* End PBXVariantGroup section */

/* Begin XCBuildConfiguration section */
		551B1A2B248099A10029785D /* Debug */ = {
			isa = XCBuildConfiguration;
			buildSettings = {
				ALWAYS_SEARCH_USER_PATHS = NO;
				CLANG_ANALYZER_NONNULL = YES;
				CLANG_ANALYZER_NUMBER_OBJECT_CONVERSION = YES_AGGRESSIVE;
				CLANG_CXX_LANGUAGE_STANDARD = "gnu++14";
				CLANG_CXX_LIBRARY = "libc++";
				CLANG_ENABLE_MODULES = YES;
				CLANG_ENABLE_OBJC_ARC = YES;
				CLANG_ENABLE_OBJC_WEAK = YES;
				CLANG_WARN_BLOCK_CAPTURE_AUTORELEASING = YES;
				CLANG_WARN_BOOL_CONVERSION = YES;
				CLANG_WARN_COMMA = YES;
				CLANG_WARN_CONSTANT_CONVERSION = YES;
				CLANG_WARN_DEPRECATED_OBJC_IMPLEMENTATIONS = YES;
				CLANG_WARN_DIRECT_OBJC_ISA_USAGE = YES_ERROR;
				CLANG_WARN_DOCUMENTATION_COMMENTS = YES;
				CLANG_WARN_EMPTY_BODY = YES;
				CLANG_WARN_ENUM_CONVERSION = YES;
				CLANG_WARN_INFINITE_RECURSION = YES;
				CLANG_WARN_INT_CONVERSION = YES;
				CLANG_WARN_NON_LITERAL_NULL_CONVERSION = YES;
				CLANG_WARN_OBJC_IMPLICIT_RETAIN_SELF = YES;
				CLANG_WARN_OBJC_LITERAL_CONVERSION = YES;
				CLANG_WARN_OBJC_ROOT_CLASS = YES_ERROR;
				CLANG_WARN_RANGE_LOOP_ANALYSIS = YES;
				CLANG_WARN_STRICT_PROTOTYPES = YES;
				CLANG_WARN_SUSPICIOUS_MOVE = YES;
				CLANG_WARN_UNGUARDED_AVAILABILITY = YES_AGGRESSIVE;
				CLANG_WARN_UNREACHABLE_CODE = YES;
				CLANG_WARN__DUPLICATE_METHOD_MATCH = YES;
				COPY_PHASE_STRIP = NO;
				DEBUG_INFORMATION_FORMAT = dwarf;
				ENABLE_STRICT_OBJC_MSGSEND = YES;
				ENABLE_TESTABILITY = YES;
				GCC_C_LANGUAGE_STANDARD = gnu11;
				GCC_DYNAMIC_NO_PIC = NO;
				GCC_NO_COMMON_BLOCKS = YES;
				GCC_OPTIMIZATION_LEVEL = 0;
				GCC_PREPROCESSOR_DEFINITIONS = (
					"DEBUG=1",
					"$(inherited)",
				);
				GCC_WARN_64_TO_32_BIT_CONVERSION = YES;
				GCC_WARN_ABOUT_RETURN_TYPE = YES_ERROR;
				GCC_WARN_UNDECLARED_SELECTOR = YES;
				GCC_WARN_UNINITIALIZED_AUTOS = YES_AGGRESSIVE;
				GCC_WARN_UNUSED_FUNCTION = YES;
				GCC_WARN_UNUSED_VARIABLE = YES;
				IPHONEOS_DEPLOYMENT_TARGET = 13.5;
				MTL_ENABLE_DEBUG_INFO = INCLUDE_SOURCE;
				MTL_FAST_MATH = YES;
				ONLY_ACTIVE_ARCH = YES;
				SDKROOT = iphoneos;
				SWIFT_ACTIVE_COMPILATION_CONDITIONS = DEBUG;
				SWIFT_OPTIMIZATION_LEVEL = "-Onone";
			};
			name = Debug;
		};
		551B1A2C248099A10029785D /* Release */ = {
			isa = XCBuildConfiguration;
			buildSettings = {
				ALWAYS_SEARCH_USER_PATHS = NO;
				CLANG_ANALYZER_NONNULL = YES;
				CLANG_ANALYZER_NUMBER_OBJECT_CONVERSION = YES_AGGRESSIVE;
				CLANG_CXX_LANGUAGE_STANDARD = "gnu++14";
				CLANG_CXX_LIBRARY = "libc++";
				CLANG_ENABLE_MODULES = YES;
				CLANG_ENABLE_OBJC_ARC = YES;
				CLANG_ENABLE_OBJC_WEAK = YES;
				CLANG_WARN_BLOCK_CAPTURE_AUTORELEASING = YES;
				CLANG_WARN_BOOL_CONVERSION = YES;
				CLANG_WARN_COMMA = YES;
				CLANG_WARN_CONSTANT_CONVERSION = YES;
				CLANG_WARN_DEPRECATED_OBJC_IMPLEMENTATIONS = YES;
				CLANG_WARN_DIRECT_OBJC_ISA_USAGE = YES_ERROR;
				CLANG_WARN_DOCUMENTATION_COMMENTS = YES;
				CLANG_WARN_EMPTY_BODY = YES;
				CLANG_WARN_ENUM_CONVERSION = YES;
				CLANG_WARN_INFINITE_RECURSION = YES;
				CLANG_WARN_INT_CONVERSION = YES;
				CLANG_WARN_NON_LITERAL_NULL_CONVERSION = YES;
				CLANG_WARN_OBJC_IMPLICIT_RETAIN_SELF = YES;
				CLANG_WARN_OBJC_LITERAL_CONVERSION = YES;
				CLANG_WARN_OBJC_ROOT_CLASS = YES_ERROR;
				CLANG_WARN_RANGE_LOOP_ANALYSIS = YES;
				CLANG_WARN_STRICT_PROTOTYPES = YES;
				CLANG_WARN_SUSPICIOUS_MOVE = YES;
				CLANG_WARN_UNGUARDED_AVAILABILITY = YES_AGGRESSIVE;
				CLANG_WARN_UNREACHABLE_CODE = YES;
				CLANG_WARN__DUPLICATE_METHOD_MATCH = YES;
				COPY_PHASE_STRIP = NO;
				DEBUG_INFORMATION_FORMAT = "dwarf-with-dsym";
				ENABLE_NS_ASSERTIONS = NO;
				ENABLE_STRICT_OBJC_MSGSEND = YES;
				GCC_C_LANGUAGE_STANDARD = gnu11;
				GCC_NO_COMMON_BLOCKS = YES;
				GCC_WARN_64_TO_32_BIT_CONVERSION = YES;
				GCC_WARN_ABOUT_RETURN_TYPE = YES_ERROR;
				GCC_WARN_UNDECLARED_SELECTOR = YES;
				GCC_WARN_UNINITIALIZED_AUTOS = YES_AGGRESSIVE;
				GCC_WARN_UNUSED_FUNCTION = YES;
				GCC_WARN_UNUSED_VARIABLE = YES;
				IPHONEOS_DEPLOYMENT_TARGET = 13.5;
				MTL_ENABLE_DEBUG_INFO = NO;
				MTL_FAST_MATH = YES;
				SDKROOT = iphoneos;
				SWIFT_COMPILATION_MODE = wholemodule;
				SWIFT_OPTIMIZATION_LEVEL = "-O";
				VALIDATE_PRODUCT = YES;
			};
			name = Release;
		};
		551B1A2E248099A10029785D /* Debug */ = {
			isa = XCBuildConfiguration;
			buildSettings = {
				ASSETCATALOG_COMPILER_APPICON_NAME = AppIcon;
				CODE_SIGN_STYLE = Automatic;
				DEVELOPMENT_ASSET_PATHS = "\"Recipes/Preview Content\"";
				DEVELOPMENT_TEAM = 62BK5M86T3;
				ENABLE_PREVIEWS = YES;
				INFOPLIST_FILE = Recipes/Info.plist;
				LD_RUNPATH_SEARCH_PATHS = (
					"$(inherited)",
					"@executable_path/Frameworks",
				);
				PRODUCT_BUNDLE_IDENTIFIER = com.rachelsrecipes.Recipes;
				PRODUCT_NAME = "$(TARGET_NAME)";
				SWIFT_VERSION = 5.0;
				TARGETED_DEVICE_FAMILY = "1,2";
			};
			name = Debug;
		};
		551B1A2F248099A10029785D /* Release */ = {
			isa = XCBuildConfiguration;
			buildSettings = {
				ASSETCATALOG_COMPILER_APPICON_NAME = AppIcon;
				CODE_SIGN_STYLE = Automatic;
				DEVELOPMENT_ASSET_PATHS = "\"Recipes/Preview Content\"";
				DEVELOPMENT_TEAM = 62BK5M86T3;
				ENABLE_PREVIEWS = YES;
				INFOPLIST_FILE = Recipes/Info.plist;
				LD_RUNPATH_SEARCH_PATHS = (
					"$(inherited)",
					"@executable_path/Frameworks",
				);
				PRODUCT_BUNDLE_IDENTIFIER = com.rachelsrecipes.Recipes;
				PRODUCT_NAME = "$(TARGET_NAME)";
				SWIFT_VERSION = 5.0;
				TARGETED_DEVICE_FAMILY = "1,2";
			};
			name = Release;
		};
		551B1A31248099A10029785D /* Debug */ = {
			isa = XCBuildConfiguration;
			buildSettings = {
				ALWAYS_EMBED_SWIFT_STANDARD_LIBRARIES = YES;
				BUNDLE_LOADER = "$(TEST_HOST)";
				CODE_SIGN_STYLE = Automatic;
				DEVELOPMENT_TEAM = 62BK5M86T3;
				INFOPLIST_FILE = RecipesTests/Info.plist;
				IPHONEOS_DEPLOYMENT_TARGET = 13.5;
				LD_RUNPATH_SEARCH_PATHS = (
					"$(inherited)",
					"@executable_path/Frameworks",
					"@loader_path/Frameworks",
				);
				PRODUCT_BUNDLE_IDENTIFIER = com.rachelsrecipes.RecipesTests;
				PRODUCT_NAME = "$(TARGET_NAME)";
				SWIFT_VERSION = 5.0;
				TARGETED_DEVICE_FAMILY = "1,2";
				TEST_HOST = "$(BUILT_PRODUCTS_DIR)/Recipes.app/Recipes";
			};
			name = Debug;
		};
		551B1A32248099A10029785D /* Release */ = {
			isa = XCBuildConfiguration;
			buildSettings = {
				ALWAYS_EMBED_SWIFT_STANDARD_LIBRARIES = YES;
				BUNDLE_LOADER = "$(TEST_HOST)";
				CODE_SIGN_STYLE = Automatic;
				DEVELOPMENT_TEAM = 62BK5M86T3;
				INFOPLIST_FILE = RecipesTests/Info.plist;
				IPHONEOS_DEPLOYMENT_TARGET = 13.5;
				LD_RUNPATH_SEARCH_PATHS = (
					"$(inherited)",
					"@executable_path/Frameworks",
					"@loader_path/Frameworks",
				);
				PRODUCT_BUNDLE_IDENTIFIER = com.rachelsrecipes.RecipesTests;
				PRODUCT_NAME = "$(TARGET_NAME)";
				SWIFT_VERSION = 5.0;
				TARGETED_DEVICE_FAMILY = "1,2";
				TEST_HOST = "$(BUILT_PRODUCTS_DIR)/Recipes.app/Recipes";
			};
			name = Release;
		};
		551B1A34248099A10029785D /* Debug */ = {
			isa = XCBuildConfiguration;
			buildSettings = {
				ALWAYS_EMBED_SWIFT_STANDARD_LIBRARIES = YES;
				CODE_SIGN_STYLE = Automatic;
				DEVELOPMENT_TEAM = 62BK5M86T3;
				INFOPLIST_FILE = RecipesUITests/Info.plist;
				LD_RUNPATH_SEARCH_PATHS = (
					"$(inherited)",
					"@executable_path/Frameworks",
					"@loader_path/Frameworks",
				);
				PRODUCT_BUNDLE_IDENTIFIER = com.rachelsrecipes.RecipesUITests;
				PRODUCT_NAME = "$(TARGET_NAME)";
				SWIFT_VERSION = 5.0;
				TARGETED_DEVICE_FAMILY = "1,2";
				TEST_TARGET_NAME = Recipes;
			};
			name = Debug;
		};
		551B1A35248099A10029785D /* Release */ = {
			isa = XCBuildConfiguration;
			buildSettings = {
				ALWAYS_EMBED_SWIFT_STANDARD_LIBRARIES = YES;
				CODE_SIGN_STYLE = Automatic;
				DEVELOPMENT_TEAM = 62BK5M86T3;
				INFOPLIST_FILE = RecipesUITests/Info.plist;
				LD_RUNPATH_SEARCH_PATHS = (
					"$(inherited)",
					"@executable_path/Frameworks",
					"@loader_path/Frameworks",
				);
				PRODUCT_BUNDLE_IDENTIFIER = com.rachelsrecipes.RecipesUITests;
				PRODUCT_NAME = "$(TARGET_NAME)";
				SWIFT_VERSION = 5.0;
				TARGETED_DEVICE_FAMILY = "1,2";
				TEST_TARGET_NAME = Recipes;
			};
			name = Release;
		};
/* End XCBuildConfiguration section */

/* Begin XCConfigurationList section */
		551B19FE2480999E0029785D /* Build configuration list for PBXProject "Recipes" */ = {
			isa = XCConfigurationList;
			buildConfigurations = (
				551B1A2B248099A10029785D /* Debug */,
				551B1A2C248099A10029785D /* Release */,
			);
			defaultConfigurationIsVisible = 0;
			defaultConfigurationName = Release;
		};
		551B1A2D248099A10029785D /* Build configuration list for PBXNativeTarget "Recipes" */ = {
			isa = XCConfigurationList;
			buildConfigurations = (
				551B1A2E248099A10029785D /* Debug */,
				551B1A2F248099A10029785D /* Release */,
			);
			defaultConfigurationIsVisible = 0;
			defaultConfigurationName = Release;
		};
		551B1A30248099A10029785D /* Build configuration list for PBXNativeTarget "RecipesTests" */ = {
			isa = XCConfigurationList;
			buildConfigurations = (
				551B1A31248099A10029785D /* Debug */,
				551B1A32248099A10029785D /* Release */,
			);
			defaultConfigurationIsVisible = 0;
			defaultConfigurationName = Release;
		};
		551B1A33248099A10029785D /* Build configuration list for PBXNativeTarget "RecipesUITests" */ = {
			isa = XCConfigurationList;
			buildConfigurations = (
				551B1A34248099A10029785D /* Debug */,
				551B1A35248099A10029785D /* Release */,
			);
			defaultConfigurationIsVisible = 0;
			defaultConfigurationName = Release;
		};
/* End XCConfigurationList section */
	};
	rootObject = 551B19FB2480999E0029785D /* Project object */;
}
